
Microsoft Visual Studio Solution File, Format Version 12.00
# Visual Studio Express 14 for Windows Desktop
VisualStudioVersion = 14.0.23107.0
MinimumVisualStudioVersion = 10.0.40219.1
Project("{FAE04EC0-301F-11D3-BF4B-00C04F79EFBC}") = "WinRename", "WinRename\WinRename.csproj", "{C8223549-49B5-4843-9F4D-02BD1846FB32}"
EndProject
Global
	GlobalSection(SolutionConfigurationPlatforms) = preSolution
		Debug|Any CPU = Debug|Any CPU
		Debug|x64 = Debug|x64
		Release|Any CPU = Release|Any CPU
		Release|x64 = Release|x64
	EndGlobalSection
	GlobalSection(ProjectConfigurationPlatforms) = postSolution
		{C8223549-49B5-4843-9F4D-02BD1846FB32}.Debug|Any CPU.ActiveCfg = Debug|Any CPU
		{C8223549-49B5-4843-9F4D-02BD1846FB32}.Debug|Any CPU.Build.0 = Debug|Any CPU
		{C8223549-49B5-4843-9F4D-02BD1846FB32}.Debug|x64.ActiveCfg = Debug|Any CPU
		{C8223549-49B5-4843-9F4D-02BD1846FB32}.Debug|x64.Build.0 = Debug|Any CPU
		{C8223549-49B5-4843-9F4D-02BD1846FB32}.Debug|x64.Deploy.0 = Debug|Any CPU
		{C8223549-49B5-4843-9F4D-02BD1846FB32}.Release|Any CPU.ActiveCfg = Release|Any CPU
		{C8223549-49B5-4843-9F4D-02BD1846FB32}.Release|Any CPU.Build.0 = Release|Any CPU
		{C8223549-49B5-4843-9F4D-02BD1846FB32}.Release|x64.ActiveCfg = Release|x64
		{C8223549-49B5-4843-9F4D-02BD1846FB32}.Release|x64.Build.0 = Release|x64
	EndGlobalSection
	GlobalSection(SolutionProperties) = preSolution
		HideSolutionNode = FALSE
	EndGlobalSection
EndGlobal
